
Microsoft Visual Studio Solution File, Format Version 12.00
# Visual Studio Version 16
VisualStudioVersion = 16.0.30114.105
MinimumVisualStudioVersion = 10.0.40219.1
Project("{9A19103F-16F7-4668-BE54-9A1E7A4F7556}") = "Git.Fluent.App", "Git.Fluent.App\Git.Fluent.App.csproj", "{0F56E57C-5C8A-41EB-B7B2-40225D58B3F1}"
EndProject
Global
	GlobalSection(SolutionConfigurationPlatforms) = preSolution
		Debug|Any CPU = Debug|Any CPU
		Release|Any CPU = Release|Any CPU
	EndGlobalSection
	GlobalSection(ProjectConfigurationPlatforms) = postSolution
		{0F56E57C-5C8A-41EB-B7B2-40225D58B3F1}.Debug|Any CPU.ActiveCfg = Debug|Any CPU
		{0F56E57C-5C8A-41EB-B7B2-40225D58B3F1}.Debug|Any CPU.Build.0 = Debug|Any CPU
		{0F56E57C-5C8A-41EB-B7B2-40225D58B3F1}.Release|Any CPU.ActiveCfg = Release|Any CPU
		{0F56E57C-5C8A-41EB-B7B2-40225D58B3F1}.Release|Any CPU.Build.0 = Release|Any CPU
	EndGlobalSection
	GlobalSection(SolutionProperties) = preSolution
		HideSolutionNode = FALSE
	EndGlobalSection
	GlobalSection(ExtensibilityGlobals) = postSolution
		SolutionGuid = {53753D77-786D-4DE7-958F-0A56ACA41882}
	EndGlobalSection
EndGlobal
